
Microsoft Visual Studio Solution File, Format Version 12.00
# Visual Studio 15
VisualStudioVersion = 15.0.28307.539
MinimumVisualStudioVersion = 10.0.40219.1
Project("{FAE04EC0-301F-11D3-BF4B-00C04F79EFBC}") = "WinFormGiris", "WinFormGiris\WinFormGiris.csproj", "{927DE28B-4936-4925-8AF1-958E61F3D04E}"
EndProject
Global
	GlobalSection(SolutionConfigurationPlatforms) = preSolution
		Debug|Any CPU = Debug|Any CPU
		Release|Any CPU = Release|Any CPU
	EndGlobalSection
	GlobalSection(ProjectConfigurationPlatforms) = postSolution
		{927DE28B-4936-4925-8AF1-958E61F3D04E}.Debug|Any CPU.ActiveCfg = Debug|Any CPU
		{927DE28B-4936-4925-8AF1-958E61F3D04E}.Debug|Any CPU.Build.0 = Debug|Any CPU
		{927DE28B-4936-4925-8AF1-958E61F3D04E}.Release|Any CPU.ActiveCfg = Release|Any CPU
		{927DE28B-4936-4925-8AF1-958E61F3D04E}.Release|Any CPU.Build.0 = Release|Any CPU
	EndGlobalSection
	GlobalSection(SolutionProperties) = preSolution
		HideSolutionNode = FALSE
	EndGlobalSection
	GlobalSection(ExtensibilityGlobals) = postSolution
		SolutionGuid = {0C26FEE5-8CAF-4285-9375-2CF80E675C9C}
	EndGlobalSection
EndGlobal
